
Microsoft Visual Studio Solution File, Format Version 12.00
# Visual Studio 15
VisualStudioVersion = 15.0.28307.438
MinimumVisualStudioVersion = 10.0.40219.1
Project("{9A19103F-16F7-4668-BE54-9A1E7A4F7556}") = "TacoFlix.Xconnect.Model", "TacoFlix.Xconnect.Model\TacoFlix.Xconnect.Model.csproj", "{6D25F5D7-D8EC-4EE9-998A-E323F565A3B2}"
EndProject
Project("{FAE04EC0-301F-11D3-BF4B-00C04F79EFBC}") = "TacoFlix.Client", "TacoFlix.Client\TacoFlix.Client.csproj", "{0BB713E9-1DFF-403A-99B6-32A8C63616A2}"
EndProject
Project("{FAE04EC0-301F-11D3-BF4B-00C04F79EFBC}") = "TacoFlix.Model", "TacoFlix.Model\TacoFlix.Model.csproj", "{8066308B-AE0F-476D-874E-B6D13685B50C}"
EndProject
Project("{FAE04EC0-301F-11D3-BF4B-00C04F79EFBC}") = "TacoFlix.Providers.TheMovieDb", "TacoFlix.Providers.TheMovieDb\TacoFlix.Providers.TheMovieDb.csproj", "{C8C7F952-78F0-49E8-8462-5CB91F682D1B}"
EndProject
Project("{FAE04EC0-301F-11D3-BF4B-00C04F79EFBC}") = "TacoFlix.ProcessingEngine.Extensions", "TacoFlix.ProcessingEngine.Extensions\TacoFlix.ProcessingEngine.Extensions.csproj", "{F5149493-5798-4ED5-9FDB-C502A84DBE09}"
EndProject
Global
	GlobalSection(SolutionConfigurationPlatforms) = preSolution
		Debug|Any CPU = Debug|Any CPU
		Release|Any CPU = Release|Any CPU
	EndGlobalSection
	GlobalSection(ProjectConfigurationPlatforms) = postSolution
		{6D25F5D7-D8EC-4EE9-998A-E323F565A3B2}.Debug|Any CPU.ActiveCfg = Debug|Any CPU
		{6D25F5D7-D8EC-4EE9-998A-E323F565A3B2}.Debug|Any CPU.Build.0 = Debug|Any CPU
		{6D25F5D7-D8EC-4EE9-998A-E323F565A3B2}.Release|Any CPU.ActiveCfg = Release|Any CPU
		{6D25F5D7-D8EC-4EE9-998A-E323F565A3B2}.Release|Any CPU.Build.0 = Release|Any CPU
		{0BB713E9-1DFF-403A-99B6-32A8C63616A2}.Debug|Any CPU.ActiveCfg = Debug|Any CPU
		{0BB713E9-1DFF-403A-99B6-32A8C63616A2}.Debug|Any CPU.Build.0 = Debug|Any CPU
		{0BB713E9-1DFF-403A-99B6-32A8C63616A2}.Release|Any CPU.ActiveCfg = Release|Any CPU
		{0BB713E9-1DFF-403A-99B6-32A8C63616A2}.Release|Any CPU.Build.0 = Release|Any CPU
		{8066308B-AE0F-476D-874E-B6D13685B50C}.Debug|Any CPU.ActiveCfg = Debug|Any CPU
		{8066308B-AE0F-476D-874E-B6D13685B50C}.Debug|Any CPU.Build.0 = Debug|Any CPU
		{8066308B-AE0F-476D-874E-B6D13685B50C}.Release|Any CPU.ActiveCfg = Release|Any CPU
		{8066308B-AE0F-476D-874E-B6D13685B50C}.Release|Any CPU.Build.0 = Release|Any CPU
		{C8C7F952-78F0-49E8-8462-5CB91F682D1B}.Debug|Any CPU.ActiveCfg = Debug|Any CPU
		{C8C7F952-78F0-49E8-8462-5CB91F682D1B}.Debug|Any CPU.Build.0 = Debug|Any CPU
		{C8C7F952-78F0-49E8-8462-5CB91F682D1B}.Release|Any CPU.ActiveCfg = Release|Any CPU
		{C8C7F952-78F0-49E8-8462-5CB91F682D1B}.Release|Any CPU.Build.0 = Release|Any CPU
		{F5149493-5798-4ED5-9FDB-C502A84DBE09}.Debug|Any CPU.ActiveCfg = Debug|Any CPU
		{F5149493-5798-4ED5-9FDB-C502A84DBE09}.Debug|Any CPU.Build.0 = Debug|Any CPU
		{F5149493-5798-4ED5-9FDB-C502A84DBE09}.Release|Any CPU.ActiveCfg = Release|Any CPU
		{F5149493-5798-4ED5-9FDB-C502A84DBE09}.Release|Any CPU.Build.0 = Release|Any CPU
	EndGlobalSection
	GlobalSection(SolutionProperties) = preSolution
		HideSolutionNode = FALSE
	EndGlobalSection
	GlobalSection(ExtensibilityGlobals) = postSolution
		SolutionGuid = {7E084E47-BED0-4E78-A3D3-878E4F105ADA}
	EndGlobalSection
EndGlobal
